// !$*UTF8*$!
{
	archiveVersion = 1;
	classes = {
	};
	objectVersion = 46;
	objects = {

/* Begin PBXBuildFile section */
		2B608A63B109367CC6500F42 /* Pods_FireBasic.framework in Frameworks */ = {isa = PBXBuildFile; fileRef = 0D7C11DDC067A610472091CD /* Pods_FireBasic.framework */; };
		3E3799DA1EECB7BF0066149B /* GoogleService-Info.plist in Resources */ = {isa = PBXBuildFile; fileRef = 3E3799D91EECB7BF0066149B /* GoogleService-Info.plist */; };
		3ED895F31EECB5AD00DB56E7 /* AppDelegate.swift in Sources */ = {isa = PBXBuildFile; fileRef = 3ED895F21EECB5AD00DB56E7 /* AppDelegate.swift */; };
		3ED895F81EECB5AD00DB56E7 /* Main.storyboard in Resources */ = {isa = PBXBuildFile; fileRef = 3ED895F61EECB5AD00DB56E7 /* Main.storyboard */; };
		3ED895FA1EECB5AD00DB56E7 /* Assets.xcassets in Resources */ = {isa = PBXBuildFile; fileRef = 3ED895F91EECB5AD00DB56E7 /* Assets.xcassets */; };
		3ED895FD1EECB5AD00DB56E7 /* LaunchScreen.storyboard in Resources */ = {isa = PBXBuildFile; fileRef = 3ED895FB1EECB5AD00DB56E7 /* LaunchScreen.storyboard */; };
		3EE16A121EECBA6F000F0BB6 /* WeatherViewController.swift in Sources */ = {isa = PBXBuildFile; fileRef = 3EE16A111EECBA6F000F0BB6 /* WeatherViewController.swift */; };
		3EE16A141EECC0AF000F0BB6 /* AuthViewController.swift in Sources */ = {isa = PBXBuildFile; fileRef = 3EE16A131EECC0AF000F0BB6 /* AuthViewController.swift */; };
/* End PBXBuildFile section */

/* Begin PBXFileReference section */
		069CF9A67543B970C354D0D5 /* Pods-FireBasic.release.xcconfig */ = {isa = PBXFileReference; includeInIndex = 1; lastKnownFileType = text.xcconfig; name = "Pods-FireBasic.release.xcconfig"; path = "Pods/Target Support Files/Pods-FireBasic/Pods-FireBasic.release.xcconfig"; sourceTree = "<group>"; };
		0D7C11DDC067A610472091CD /* Pods_FireBasic.framework */ = {isa = PBXFileReference; explicitFileType = wrapper.framework; includeInIndex = 0; path = Pods_FireBasic.framework; sourceTree = BUILT_PRODUCTS_DIR; };
		3E3799D91EECB7BF0066149B /* GoogleService-Info.plist */ = {isa = PBXFileReference; fileEncoding = 4; lastKnownFileType = text.plist.xml; name = "GoogleService-Info.plist"; path = "../../../../Downloads/GoogleService-Info.plist"; sourceTree = "<group>"; };
		3ED895EF1EECB5AD00DB56E7 /* FireBasic.app */ = {isa = PBXFileReference; explicitFileType = wrapper.application; includeInIndex = 0; path = FireBasic.app; sourceTree = BUILT_PRODUCTS_DIR; };
		3ED895F21EECB5AD00DB56E7 /* AppDelegate.swift */ = {isa = PBXFileReference; lastKnownFileType = sourcecode.swift; path = AppDelegate.swift; sourceTree = "<group>"; };
		3ED895F71EECB5AD00DB56E7 /* Base */ = {isa = PBXFileReference; lastKnownFileType = file.storyboard; name = Base; path = Base.lproj/Main.storyboard; sourceTree = "<group>"; };
		3ED895F91EECB5AD00DB56E7 /* Assets.xcassets */ = {isa = PBXFileReference; lastKnownFileType = folder.assetcatalog; path = Assets.xcassets; sourceTree = "<group>"; };
		3ED895FC1EECB5AD00DB56E7 /* Base */ = {isa = PBXFileReference; lastKnownFileType = file.storyboard; name = Base; path = Base.lproj/LaunchScreen.storyboard; sourceTree = "<group>"; };
		3ED895FE1EECB5AE00DB56E7 /* Info.plist */ = {isa = PBXFileReference; lastKnownFileType = text.plist.xml; path = Info.plist; sourceTree = "<group>"; };
		3EE16A111EECBA6F000F0BB6 /* WeatherViewController.swift */ = {isa = PBXFileReference; fileEncoding = 4; lastKnownFileType = sourcecode.swift; path = WeatherViewController.swift; sourceTree = "<group>"; };
		3EE16A131EECC0AF000F0BB6 /* AuthViewController.swift */ = {isa = PBXFileReference; fileEncoding = 4; lastKnownFileType = sourcecode.swift; path = AuthViewController.swift; sourceTree = "<group>"; };
		AF0A6AB51DB1E0B2A6189D80 /* Pods-FireBasic.debug.xcconfig */ = {isa = PBXFileReference; includeInIndex = 1; lastKnownFileType = text.xcconfig; name = "Pods-FireBasic.debug.xcconfig"; path = "Pods/Target Support Files/Pods-FireBasic/Pods-FireBasic.debug.xcconfig"; sourceTree = "<group>"; };
/* End PBXFileReference section */

/* Begin PBXFrameworksBuildPhase section */
		3ED895EC1EECB5AD00DB56E7 /* Frameworks */ = {
			isa = PBXFrameworksBuildPhase;
			buildActionMask = 2147483647;
			files = (
				2B608A63B109367CC6500F42 /* Pods_FireBasic.framework in Frameworks */,
			);
			runOnlyForDeploymentPostprocessing = 0;
		};
/* End PBXFrameworksBuildPhase section */

/* Begin PBXGroup section */
		3ED895E61EECB5AD00DB56E7 = {
			isa = PBXGroup;
			children = (
				3ED895F11EECB5AD00DB56E7 /* FireBasic */,
				3ED895F01EECB5AD00DB56E7 /* Products */,
				90406D4BE6091DF2DB5F8FEB /* Pods */,
				40472A1698A3B0BED8F34D3F /* Frameworks */,
			);
			sourceTree = "<group>";
		};
		3ED895F01EECB5AD00DB56E7 /* Products */ = {
			isa = PBXGroup;
			children = (
				3ED895EF1EECB5AD00DB56E7 /* FireBasic.app */,
			);
			name = Products;
			sourceTree = "<group>";
		};
		3ED895F11EECB5AD00DB56E7 /* FireBasic */ = {
			isa = PBXGroup;
			children = (
				3ED895F21EECB5AD00DB56E7 /* AppDelegate.swift */,
				3ED895F61EECB5AD00DB56E7 /* Main.storyboard */,
				3ED895F91EECB5AD00DB56E7 /* Assets.xcassets */,
				3ED895FB1EECB5AD00DB56E7 /* LaunchScreen.storyboard */,
				3ED895FE1EECB5AE00DB56E7 /* Info.plist */,
				3E3799D91EECB7BF0066149B /* GoogleService-Info.plist */,
				3EE16A111EECBA6F000F0BB6 /* WeatherViewController.swift */,
				3EE16A131EECC0AF000F0BB6 /* AuthViewController.swift */,
			);
			path = FireBasic;
			sourceTree = "<group>";
		};
		40472A1698A3B0BED8F34D3F /* Frameworks */ = {
			isa = PBXGroup;
			children = (
				0D7C11DDC067A610472091CD /* Pods_FireBasic.framework */,
			);
			name = Frameworks;
			sourceTree = "<group>";
		};
		90406D4BE6091DF2DB5F8FEB /* Pods */ = {
			isa = PBXGroup;
			children = (
				AF0A6AB51DB1E0B2A6189D80 /* Pods-FireBasic.debug.xcconfig */,
				069CF9A67543B970C354D0D5 /* Pods-FireBasic.release.xcconfig */,
			);
			name = Pods;
			sourceTree = "<group>";
		};
/* End PBXGroup section */

/* Begin PBXNativeTarget section */
		3ED895EE1EECB5AD00DB56E7 /* FireBasic */ = {
			isa = PBXNativeTarget;
			buildConfigurationList = 3ED896011EECB5AE00DB56E7 /* Build configuration list for PBXNativeTarget "FireBasic" */;
			buildPhases = (
				6C5276B7C6F91999D090759E /* [CP] Check Pods Manifest.lock */,
				3ED895EB1EECB5AD00DB56E7 /* Sources */,
				3ED895EC1EECB5AD00DB56E7 /* Frameworks */,
				3ED895ED1EECB5AD00DB56E7 /* Resources */,
				BA809F253A404E0AFA4675E1 /* [CP] Embed Pods Frameworks */,
				F66AFBDC5E59008B0CE9B646 /* [CP] Copy Pods Resources */,
			);
			buildRules = (
			);
			dependencies = (
			);
			name = FireBasic;
			productName = FireBasic;
			productReference = 3ED895EF1EECB5AD00DB56E7 /* FireBasic.app */;
			productType = "com.apple.product-type.application";
		};
/* End PBXNativeTarget section */

/* Begin PBXProject section */
		3ED895E71EECB5AD00DB56E7 /* Project object */ = {
			isa = PBXProject;
			attributes = {
				LastSwiftUpdateCheck = 0820;
				LastUpgradeCheck = 0820;
				ORGANIZATIONNAME = "Dustyn August";
				TargetAttributes = {
					3ED895EE1EECB5AD00DB56E7 = {
						CreatedOnToolsVersion = 8.2.1;
						ProvisioningStyle = Automatic;
					};
				};
			};
			buildConfigurationList = 3ED895EA1EECB5AD00DB56E7 /* Build configuration list for PBXProject "FireBasic" */;
			compatibilityVersion = "Xcode 3.2";
			developmentRegion = English;
			hasScannedForEncodings = 0;
			knownRegions = (
				en,
				Base,
			);
			mainGroup = 3ED895E61EECB5AD00DB56E7;
			productRefGroup = 3ED895F01EECB5AD00DB56E7 /* Products */;
			projectDirPath = "";
			projectRoot = "";
			targets = (
				3ED895EE1EECB5AD00DB56E7 /* FireBasic */,
			);
		};
/* End PBXProject section */

/* Begin PBXResourcesBuildPhase section */
		3ED895ED1EECB5AD00DB56E7 /* Resources */ = {
			isa = PBXResourcesBuildPhase;
			buildActionMask = 2147483647;
			files = (
				3ED895FD1EECB5AD00DB56E7 /* LaunchScreen.storyboard in Resources */,
				3E3799DA1EECB7BF0066149B /* GoogleService-Info.plist in Resources */,
				3ED895FA1EECB5AD00DB56E7 /* Assets.xcassets in Resources */,
				3ED895F81EECB5AD00DB56E7 /* Main.storyboard in Resources */,
			);
			runOnlyForDeploymentPostprocessing = 0;
		};
/* End PBXResourcesBuildPhase section */

/* Begin PBXShellScriptBuildPhase section */
		6C5276B7C6F91999D090759E /* [CP] Check Pods Manifest.lock */ = {
			isa = PBXShellScriptBuildPhase;
			buildActionMask = 2147483647;
			files = (
			);
			inputPaths = (
			);
			name = "[CP] Check Pods Manifest.lock";
			outputPaths = (
			);
			runOnlyForDeploymentPostprocessing = 0;
			shellPath = /bin/sh;
			shellScript = "diff \"${PODS_ROOT}/../Podfile.lock\" \"${PODS_ROOT}/Manifest.lock\" > /dev/null\nif [ $? != 0 ] ; then\n    # print error to STDERR\n    echo \"error: The sandbox is not in sync with the Podfile.lock. Run 'pod install' or update your CocoaPods installation.\" >&2\n    exit 1\nfi\n";
			showEnvVarsInLog = 0;
		};
		BA809F253A404E0AFA4675E1 /* [CP] Embed Pods Frameworks */ = {
			isa = PBXShellScriptBuildPhase;
			buildActionMask = 2147483647;
			files = (
			);
			inputPaths = (
			);
			name = "[CP] Embed Pods Frameworks";
			outputPaths = (
			);
			runOnlyForDeploymentPostprocessing = 0;
			shellPath = /bin/sh;
			shellScript = "\"${SRCROOT}/Pods/Target Support Files/Pods-FireBasic/Pods-FireBasic-frameworks.sh\"\n";
			showEnvVarsInLog = 0;
		};
		F66AFBDC5E59008B0CE9B646 /* [CP] Copy Pods Resources */ = {
			isa = PBXShellScriptBuildPhase;
			buildActionMask = 2147483647;
			files = (
			);
			inputPaths = (
			);
			name = "[CP] Copy Pods Resources";
			outputPaths = (
			);
			runOnlyForDeploymentPostprocessing = 0;
			shellPath = /bin/sh;
			shellScript = "\"${SRCROOT}/Pods/Target Support Files/Pods-FireBasic/Pods-FireBasic-resources.sh\"\n";
			showEnvVarsInLog = 0;
		};
/* End PBXShellScriptBuildPhase section */

/* Begin PBXSourcesBuildPhase section */
		3ED895EB1EECB5AD00DB56E7 /* Sources */ = {
			isa = PBXSourcesBuildPhase;
			buildActionMask = 2147483647;
			files = (
				3ED895F31EECB5AD00DB56E7 /* AppDelegate.swift in Sources */,
				3EE16A141EECC0AF000F0BB6 /* AuthViewController.swift in Sources */,
				3EE16A121EECBA6F000F0BB6 /* WeatherViewController.swift in Sources */,
			);
			runOnlyForDeploymentPostprocessing = 0;
		};
/* End PBXSourcesBuildPhase section */

/* Begin PBXVariantGroup section */
		3ED895F61EECB5AD00DB56E7 /* Main.storyboard */ = {
			isa = PBXVariantGroup;
			children = (
				3ED895F71EECB5AD00DB56E7 /* Base */,
			);
			name = Main.storyboard;
			sourceTree = "<group>";
		};
		3ED895FB1EECB5AD00DB56E7 /* LaunchScreen.storyboard */ = {
			isa = PBXVariantGroup;
			children = (
				3ED895FC1EECB5AD00DB56E7 /* Base */,
			);
			name = LaunchScreen.storyboard;
			sourceTree = "<group>";
		};
/* End PBXVariantGroup section */

/* Begin XCBuildConfiguration section */
		3ED895FF1EECB5AE00DB56E7 /* Debug */ = {
			isa = XCBuildConfiguration;
			buildSettings = {
				ALWAYS_SEARCH_USER_PATHS = NO;
				CLANG_ANALYZER_NONNULL = YES;
				CLANG_CXX_LANGUAGE_STANDARD = "gnu++0x";
				CLANG_CXX_LIBRARY = "libc++";
				CLANG_ENABLE_MODULES = YES;
				CLANG_ENABLE_OBJC_ARC = YES;
				CLANG_WARN_BOOL_CONVERSION = YES;
				CLANG_WARN_CONSTANT_CONVERSION = YES;
				CLANG_WARN_DIRECT_OBJC_ISA_USAGE = YES_ERROR;
				CLANG_WARN_DOCUMENTATION_COMMENTS = YES;
				CLANG_WARN_EMPTY_BODY = YES;
				CLANG_WARN_ENUM_CONVERSION = YES;
				CLANG_WARN_INFINITE_RECURSION = YES;
				CLANG_WARN_INT_CONVERSION = YES;
				CLANG_WARN_OBJC_ROOT_CLASS = YES_ERROR;
				CLANG_WARN_SUSPICIOUS_MOVE = YES;
				CLANG_WARN_UNREACHABLE_CODE = YES;
				CLANG_WARN__DUPLICATE_METHOD_MATCH = YES;
				"CODE_SIGN_IDENTITY[sdk=iphoneos*]" = "iPhone Developer";
				COPY_PHASE_STRIP = NO;
				DEBUG_INFORMATION_FORMAT = dwarf;
				ENABLE_STRICT_OBJC_MSGSEND = YES;
				ENABLE_TESTABILITY = YES;
				GCC_C_LANGUAGE_STANDARD = gnu99;
				GCC_DYNAMIC_NO_PIC = NO;
				GCC_NO_COMMON_BLOCKS = YES;
				GCC_OPTIMIZATION_LEVEL = 0;
				GCC_PREPROCESSOR_DEFINITIONS = (
					"DEBUG=1",
					"$(inherited)",
				);
				GCC_WARN_64_TO_32_BIT_CONVERSION = YES;
				GCC_WARN_ABOUT_RETURN_TYPE = YES_ERROR;
				GCC_WARN_UNDECLARED_SELECTOR = YES;
				GCC_WARN_UNINITIALIZED_AUTOS = YES_AGGRESSIVE;
				GCC_WARN_UNUSED_FUNCTION = YES;
				GCC_WARN_UNUSED_VARIABLE = YES;
				IPHONEOS_DEPLOYMENT_TARGET = 10.2;
				MTL_ENABLE_DEBUG_INFO = YES;
				ONLY_ACTIVE_ARCH = YES;
				SDKROOT = iphoneos;
				SWIFT_ACTIVE_COMPILATION_CONDITIONS = DEBUG;
				SWIFT_OPTIMIZATION_LEVEL = "-Onone";
				TARGETED_DEVICE_FAMILY = "1,2";
			};
			name = Debug;
		};
		3ED896001EECB5AE00DB56E7 /* Release */ = {
			isa = XCBuildConfiguration;
			buildSettings = {
				ALWAYS_SEARCH_USER_PATHS = NO;
				CLANG_ANALYZER_NONNULL = YES;
				CLANG_CXX_LANGUAGE_STANDARD = "gnu++0x";
				CLANG_CXX_LIBRARY = "libc++";
				CLANG_ENABLE_MODULES = YES;
				CLANG_ENABLE_OBJC_ARC = YES;
				CLANG_WARN_BOOL_CONVERSION = YES;
				CLANG_WARN_CONSTANT_CONVERSION = YES;
				CLANG_WARN_DIRECT_OBJC_ISA_USAGE = YES_ERROR;
				CLANG_WARN_DOCUMENTATION_COMMENTS = YES;
				CLANG_WARN_EMPTY_BODY = YES;
				CLANG_WARN_ENUM_CONVERSION = YES;
				CLANG_WARN_INFINITE_RECURSION = YES;
				CLANG_WARN_INT_CONVERSION = YES;
				CLANG_WARN_OBJC_ROOT_CLASS = YES_ERROR;
				CLANG_WARN_SUSPICIOUS_MOVE = YES;
				CLANG_WARN_UNREACHABLE_CODE = YES;
				CLANG_WARN__DUPLICATE_METHOD_MATCH = YES;
				"CODE_SIGN_IDENTITY[sdk=iphoneos*]" = "iPhone Developer";
				COPY_PHASE_STRIP = NO;
				DEBUG_INFORMATION_FORMAT = "dwarf-with-dsym";
				ENABLE_NS_ASSERTIONS = NO;
				ENABLE_STRICT_OBJC_MSGSEND = YES;
				GCC_C_LANGUAGE_STANDARD = gnu99;
				GCC_NO_COMMON_BLOCKS = YES;
				GCC_WARN_64_TO_32_BIT_CONVERSION = YES;
				GCC_WARN_ABOUT_RETURN_TYPE = YES_ERROR;
				GCC_WARN_UNDECLARED_SELECTOR = YES;
				GCC_WARN_UNINITIALIZED_AUTOS = YES_AGGRESSIVE;
				GCC_WARN_UNUSED_FUNCTION = YES;
				GCC_WARN_UNUSED_VARIABLE = YES;
				IPHONEOS_DEPLOYMENT_TARGET = 10.2;
				MTL_ENABLE_DEBUG_INFO = NO;
				SDKROOT = iphoneos;
				SWIFT_OPTIMIZATION_LEVEL = "-Owholemodule";
				TARGETED_DEVICE_FAMILY = "1,2";
				VALIDATE_PRODUCT = YES;
			};
			name = Release;
		};
		3ED896021EECB5AE00DB56E7 /* Debug */ = {
			isa = XCBuildConfiguration;
			baseConfigurationReference = AF0A6AB51DB1E0B2A6189D80 /* Pods-FireBasic.debug.xcconfig */;
			buildSettings = {
				ASSETCATALOG_COMPILER_APPICON_NAME = AppIcon;
				INFOPLIST_FILE = FireBasic/Info.plist;
				LD_RUNPATH_SEARCH_PATHS = "$(inherited) @executable_path/Frameworks";
				PRODUCT_BUNDLE_IDENTIFIER = "https---github.com-dustynaugust.FireBasic";
				PRODUCT_NAME = "$(TARGET_NAME)";
				SWIFT_VERSION = 3.0;
			};
			name = Debug;
		};
		3ED896031EECB5AE00DB56E7 /* Release */ = {
			isa = XCBuildConfiguration;
			baseConfigurationReference = 069CF9A67543B970C354D0D5 /* Pods-FireBasic.release.xcconfig */;
			buildSettings = {
				ASSETCATALOG_COMPILER_APPICON_NAME = AppIcon;
				INFOPLIST_FILE = FireBasic/Info.plist;
				LD_RUNPATH_SEARCH_PATHS = "$(inherited) @executable_path/Frameworks";
				PRODUCT_BUNDLE_IDENTIFIER = "https---github.com-dustynaugust.FireBasic";
				PRODUCT_NAME = "$(TARGET_NAME)";
				SWIFT_VERSION = 3.0;
			};
			name = Release;
		};
/* End XCBuildConfiguration section */

/* Begin XCConfigurationList section */
		3ED895EA1EECB5AD00DB56E7 /* Build configuration list for PBXProject "FireBasic" */ = {
			isa = XCConfigurationList;
			buildConfigurations = (
				3ED895FF1EECB5AE00DB56E7 /* Debug */,
				3ED896001EECB5AE00DB56E7 /* Release */,
			);
			defaultConfigurationIsVisible = 0;
			defaultConfigurationName = Release;
		};
		3ED896011EECB5AE00DB56E7 /* Build configuration list for PBXNativeTarget "FireBasic" */ = {
			isa = XCConfigurationList;
			buildConfigurations = (
				3ED896021EECB5AE00DB56E7 /* Debug */,
				3ED896031EECB5AE00DB56E7 /* Release */,
			);
			defaultConfigurationIsVisible = 0;
			defaultConfigurationName = Release;
		};
/* End XCConfigurationList section */
	};
	rootObject = 3ED895E71EECB5AD00DB56E7 /* Project object */;
}
